<Solution>
  <Folder Name="/API/" />
  <Folder Name="/Application/" />
  <Folder Name="/Domain/">
    <Project Path="DCMS.Domain/DCMS.Domain.csproj" />
  </Folder>
  <Folder Name="/Infrastructure/" />
  <Folder Name="/Persistence/" />
  <Folder Name="/Tests/">
    <Project Path="DCMS.Test/DCMS.Test.csproj" Id="b7a5a2bb-c804-4ef7-aab4-85ceb135886a" />
  </Folder>
</Solution>
